// !$*UTF8*$!
{
	archiveVersion = 1;
	classes = {
	};
	objectVersion = 48;
	objects = {

/* Begin PBXBuildFile section */
		44044D0C212D7982002F595D /* DIKitExampleBackend.framework in Embed Frameworks */ = {isa = PBXBuildFile; fileRef = 4B6F9F39212BFAFA00B6CEDE /* DIKitExampleBackend.framework */; settings = {ATTRIBUTES = (CodeSignOnCopy, RemoveHeadersOnCopy, ); }; };
		44044D0E212D79E1002F595D /* DIKitExampleBackend.framework in Frameworks */ = {isa = PBXBuildFile; fileRef = 4B5F9FA4212C26B6004AA9F4 /* DIKitExampleBackend.framework */; };
		44044D14212D7CDC002F595D /* DIKit.framework in Embed Frameworks */ = {isa = PBXBuildFile; fileRef = 4BD95DE72008B3C1009CE38D /* DIKit.framework */; settings = {ATTRIBUTES = (CodeSignOnCopy, RemoveHeadersOnCopy, ); }; };
		4B6F9F4F212BFC2400B6CEDE /* ModalViewController.swift in Sources */ = {isa = PBXBuildFile; fileRef = 4B6F9F4E212BFC2400B6CEDE /* ModalViewController.swift */; };
		4B858B2D210B839B00C3F07A /* LocalStorage.swift in Sources */ = {isa = PBXBuildFile; fileRef = 4B858B2C210B839B00C3F07A /* LocalStorage.swift */; };
		4B858B2F210B83B500C3F07A /* LocalStorageProtocol.swift in Sources */ = {isa = PBXBuildFile; fileRef = 4B858B2E210B83B500C3F07A /* LocalStorageProtocol.swift */; };
		4BB4CE60212325CC007D8075 /* DependencyContainer+App.swift in Sources */ = {isa = PBXBuildFile; fileRef = 4BB4CE5F212325CC007D8075 /* DependencyContainer+App.swift */; };
		4BD95DD02008B379009CE38D /* FirstViewController.swift in Sources */ = {isa = PBXBuildFile; fileRef = 4BD95DC72008B379009CE38D /* FirstViewController.swift */; };
		4BD95DD12008B379009CE38D /* Assets.xcassets in Resources */ = {isa = PBXBuildFile; fileRef = 4BD95DC82008B379009CE38D /* Assets.xcassets */; };
		4BD95DD22008B379009CE38D /* LaunchScreen.storyboard in Resources */ = {isa = PBXBuildFile; fileRef = 4BD95DC92008B379009CE38D /* LaunchScreen.storyboard */; };
		4BD95DD32008B379009CE38D /* Main.storyboard in Resources */ = {isa = PBXBuildFile; fileRef = 4BD95DCB2008B379009CE38D /* Main.storyboard */; };
		4BD95DD42008B379009CE38D /* AppDelegate.swift in Sources */ = {isa = PBXBuildFile; fileRef = 4BD95DCD2008B379009CE38D /* AppDelegate.swift */; };
		4BD95DD52008B379009CE38D /* SecondViewController.swift in Sources */ = {isa = PBXBuildFile; fileRef = 4BD95DCE2008B379009CE38D /* SecondViewController.swift */; };
		4BD95DF52008B3DD009CE38D /* DIKit.framework in Frameworks */ = {isa = PBXBuildFile; fileRef = 4BD95DE72008B3C1009CE38D /* DIKit.framework */; };
/* End PBXBuildFile section */

/* Begin PBXContainerItemProxy section */
		44044D15212D7CDC002F595D /* PBXContainerItemProxy */ = {
			isa = PBXContainerItemProxy;
			containerPortal = 4BD95DE12008B3C1009CE38D /* DIKit.xcodeproj */;
			proxyType = 1;
			remoteGlobalIDString = 4BD95D872008B1C8009CE38D;
			remoteInfo = DIKit;
		};
		4B5F9FA3212C26B6004AA9F4 /* PBXContainerItemProxy */ = {
			isa = PBXContainerItemProxy;
			containerPortal = 4B6F9F31212BF75500B6CEDE /* DIKitExampleBackend.xcodeproj */;
			proxyType = 2;
			remoteGlobalIDString = 4B6F9F26212BF75500B6CEDE;
			remoteInfo = DIKitExampleBackend;
		};
		4BD95DE62008B3C1009CE38D /* PBXContainerItemProxy */ = {
			isa = PBXContainerItemProxy;
			containerPortal = 4BD95DE12008B3C1009CE38D /* DIKit.xcodeproj */;
			proxyType = 2;
			remoteGlobalIDString = 4BD95D882008B1C8009CE38D;
			remoteInfo = DIKit;
		};
		4BD95DE82008B3C1009CE38D /* PBXContainerItemProxy */ = {
			isa = PBXContainerItemProxy;
			containerPortal = 4BD95DE12008B3C1009CE38D /* DIKit.xcodeproj */;
			proxyType = 2;
			remoteGlobalIDString = 4BD95D912008B1C9009CE38D;
			remoteInfo = DIKitTests;
		};
/* End PBXContainerItemProxy section */

/* Begin PBXCopyFilesBuildPhase section */
		44044D0D212D7982002F595D /* Embed Frameworks */ = {
			isa = PBXCopyFilesBuildPhase;
			buildActionMask = 2147483647;
			dstPath = "";
			dstSubfolderSpec = 10;
			files = (
				44044D14212D7CDC002F595D /* DIKit.framework in Embed Frameworks */,
				44044D0C212D7982002F595D /* DIKitExampleBackend.framework in Embed Frameworks */,
			);
			name = "Embed Frameworks";
			runOnlyForDeploymentPostprocessing = 0;
		};
/* End PBXCopyFilesBuildPhase section */

/* Begin PBXFileReference section */
		4B6F9F31212BF75500B6CEDE /* DIKitExampleBackend.xcodeproj */ = {isa = PBXFileReference; lastKnownFileType = "wrapper.pb-project"; name = DIKitExampleBackend.xcodeproj; path = DIKitExampleBackend/DIKitExampleBackend.xcodeproj; sourceTree = "<group>"; };
		4B6F9F39212BFAFA00B6CEDE /* DIKitExampleBackend.framework */ = {isa = PBXFileReference; explicitFileType = wrapper.framework; path = DIKitExampleBackend.framework; sourceTree = BUILT_PRODUCTS_DIR; };
		4B6F9F4E212BFC2400B6CEDE /* ModalViewController.swift */ = {isa = PBXFileReference; lastKnownFileType = sourcecode.swift; path = ModalViewController.swift; sourceTree = "<group>"; };
		4B858B2C210B839B00C3F07A /* LocalStorage.swift */ = {isa = PBXFileReference; lastKnownFileType = sourcecode.swift; path = LocalStorage.swift; sourceTree = "<group>"; };
		4B858B2E210B83B500C3F07A /* LocalStorageProtocol.swift */ = {isa = PBXFileReference; lastKnownFileType = sourcecode.swift; path = LocalStorageProtocol.swift; sourceTree = "<group>"; };
		4BB4CE5F212325CC007D8075 /* DependencyContainer+App.swift */ = {isa = PBXFileReference; lastKnownFileType = sourcecode.swift; path = "DependencyContainer+App.swift"; sourceTree = "<group>"; };
		4BD95D4B2008B1AF009CE38D /* DIKitExample.app */ = {isa = PBXFileReference; explicitFileType = wrapper.application; includeInIndex = 0; path = DIKitExample.app; sourceTree = BUILT_PRODUCTS_DIR; };
		4BD95DC72008B379009CE38D /* FirstViewController.swift */ = {isa = PBXFileReference; fileEncoding = 4; lastKnownFileType = sourcecode.swift; path = FirstViewController.swift; sourceTree = "<group>"; };
		4BD95DC82008B379009CE38D /* Assets.xcassets */ = {isa = PBXFileReference; lastKnownFileType = folder.assetcatalog; path = Assets.xcassets; sourceTree = "<group>"; };
		4BD95DCA2008B379009CE38D /* Base */ = {isa = PBXFileReference; lastKnownFileType = file.storyboard; name = Base; path = Base.lproj/LaunchScreen.storyboard; sourceTree = "<group>"; };
		4BD95DCC2008B379009CE38D /* Base */ = {isa = PBXFileReference; lastKnownFileType = file.storyboard; name = Base; path = Base.lproj/Main.storyboard; sourceTree = "<group>"; };
		4BD95DCD2008B379009CE38D /* AppDelegate.swift */ = {isa = PBXFileReference; fileEncoding = 4; lastKnownFileType = sourcecode.swift; path = AppDelegate.swift; sourceTree = "<group>"; };
		4BD95DCE2008B379009CE38D /* SecondViewController.swift */ = {isa = PBXFileReference; fileEncoding = 4; lastKnownFileType = sourcecode.swift; path = SecondViewController.swift; sourceTree = "<group>"; };
		4BD95DCF2008B379009CE38D /* Info.plist */ = {isa = PBXFileReference; fileEncoding = 4; lastKnownFileType = text.plist.xml; path = Info.plist; sourceTree = "<group>"; };
		4BD95DE12008B3C1009CE38D /* DIKit.xcodeproj */ = {isa = PBXFileReference; lastKnownFileType = "wrapper.pb-project"; name = DIKit.xcodeproj; path = ../DIKit/DIKit.xcodeproj; sourceTree = "<group>"; };
		528ECA0022AA59E500941311 /* DIKitExample.entitlements */ = {isa = PBXFileReference; lastKnownFileType = text.plist.entitlements; path = DIKitExample.entitlements; sourceTree = "<group>"; };
/* End PBXFileReference section */

/* Begin PBXFrameworksBuildPhase section */
		4BD95D482008B1AF009CE38D /* Frameworks */ = {
			isa = PBXFrameworksBuildPhase;
			buildActionMask = 2147483647;
			files = (
				4BD95DF52008B3DD009CE38D /* DIKit.framework in Frameworks */,
				44044D0E212D79E1002F595D /* DIKitExampleBackend.framework in Frameworks */,
			);
			runOnlyForDeploymentPostprocessing = 0;
		};
/* End PBXFrameworksBuildPhase section */

/* Begin PBXGroup section */
		4B5F9F9E212C26B4004AA9F4 /* Products */ = {
			isa = PBXGroup;
			children = (
				4B5F9FA4212C26B6004AA9F4 /* DIKitExampleBackend.framework */,
			);
			name = Products;
			sourceTree = "<group>";
		};
		4B858B28210B837F00C3F07A /* LocalStorageLayer */ = {
			isa = PBXGroup;
			children = (
				4B858B2E210B83B500C3F07A /* LocalStorageProtocol.swift */,
				4B858B2C210B839B00C3F07A /* LocalStorage.swift */,
			);
			path = LocalStorageLayer;
			sourceTree = "<group>";
		};
		4BBD03882023012A00D9E468 /* Views */ = {
			isa = PBXGroup;
			children = (
				4BD95DC72008B379009CE38D /* FirstViewController.swift */,
				4BD95DCE2008B379009CE38D /* SecondViewController.swift */,
				4B6F9F4E212BFC2400B6CEDE /* ModalViewController.swift */,
				4BD95DCB2008B379009CE38D /* Main.storyboard */,
			);
			path = Views;
			sourceTree = "<group>";
		};
		4BBD03892023013D00D9E468 /* Resources */ = {
			isa = PBXGroup;
			children = (
				4BD95DC82008B379009CE38D /* Assets.xcassets */,
				4BD95DC92008B379009CE38D /* LaunchScreen.storyboard */,
				528ECA0022AA59E500941311 /* DIKitExample.entitlements */,
				4BD95DCF2008B379009CE38D /* Info.plist */,
			);
			path = Resources;
			sourceTree = "<group>";
		};
		4BD95D422008B1AF009CE38D = {
			isa = PBXGroup;
			children = (
				4BD95DE12008B3C1009CE38D /* DIKit.xcodeproj */,
				4B6F9F31212BF75500B6CEDE /* DIKitExampleBackend.xcodeproj */,
				4BD95DC62008B379009CE38D /* Sources */,
				4BD95D4C2008B1AF009CE38D /* Products */,
				4BD95DF42008B3DD009CE38D /* Frameworks */,
			);
			sourceTree = "<group>";
		};
		4BD95D4C2008B1AF009CE38D /* Products */ = {
			isa = PBXGroup;
			children = (
				4BD95D4B2008B1AF009CE38D /* DIKitExample.app */,
			);
			name = Products;
			sourceTree = "<group>";
		};
		4BD95DC62008B379009CE38D /* Sources */ = {
			isa = PBXGroup;
			children = (
				4B858B28210B837F00C3F07A /* LocalStorageLayer */,
				4BBD03892023013D00D9E468 /* Resources */,
				4BBD03882023012A00D9E468 /* Views */,
				4BD95DCD2008B379009CE38D /* AppDelegate.swift */,
				4BB4CE5F212325CC007D8075 /* DependencyContainer+App.swift */,
			);
			path = Sources;
			sourceTree = "<group>";
		};
		4BD95DE22008B3C1009CE38D /* Products */ = {
			isa = PBXGroup;
			children = (
				4BD95DE72008B3C1009CE38D /* DIKit.framework */,
				4BD95DE92008B3C1009CE38D /* DIKitTests.xctest */,
			);
			name = Products;
			sourceTree = "<group>";
		};
		4BD95DF42008B3DD009CE38D /* Frameworks */ = {
			isa = PBXGroup;
			children = (
				4B6F9F39212BFAFA00B6CEDE /* DIKitExampleBackend.framework */,
			);
			name = Frameworks;
			sourceTree = "<group>";
		};
/* End PBXGroup section */

/* Begin PBXNativeTarget section */
		4BD95D4A2008B1AF009CE38D /* DIKitExample */ = {
			isa = PBXNativeTarget;
			buildConfigurationList = 4BD95D752008B1AF009CE38D /* Build configuration list for PBXNativeTarget "DIKitExample" */;
			buildPhases = (
				4BD95D472008B1AF009CE38D /* Sources */,
				4BD95D482008B1AF009CE38D /* Frameworks */,
				4BD95D492008B1AF009CE38D /* Resources */,
				44044D0D212D7982002F595D /* Embed Frameworks */,
			);
			buildRules = (
			);
			dependencies = (
				44044D16212D7CDC002F595D /* PBXTargetDependency */,
			);
			name = DIKitExample;
			productName = DIKitExample;
			productReference = 4BD95D4B2008B1AF009CE38D /* DIKitExample.app */;
			productType = "com.apple.product-type.application";
		};
/* End PBXNativeTarget section */

/* Begin PBXProject section */
		4BD95D432008B1AF009CE38D /* Project object */ = {
			isa = PBXProject;
			attributes = {
				LastSwiftUpdateCheck = 0920;
				LastUpgradeCheck = 1000;
				ORGANIZATIONNAME = "Ben John";
				TargetAttributes = {
					4BD95D4A2008B1AF009CE38D = {
						CreatedOnToolsVersion = 9.2;
						LastSwiftMigration = 1000;
						ProvisioningStyle = Automatic;
					};
				};
			};
			buildConfigurationList = 4BD95D462008B1AF009CE38D /* Build configuration list for PBXProject "DIKitExample" */;
			compatibilityVersion = "Xcode 8.0";
			developmentRegion = en;
			hasScannedForEncodings = 0;
			knownRegions = (
				en,
				Base,
			);
			mainGroup = 4BD95D422008B1AF009CE38D;
			productRefGroup = 4BD95D4C2008B1AF009CE38D /* Products */;
			projectDirPath = "";
			projectReferences = (
				{
					ProductGroup = 4BD95DE22008B3C1009CE38D /* Products */;
					ProjectRef = 4BD95DE12008B3C1009CE38D /* DIKit.xcodeproj */;
				},
				{
					ProductGroup = 4B5F9F9E212C26B4004AA9F4 /* Products */;
					ProjectRef = 4B6F9F31212BF75500B6CEDE /* DIKitExampleBackend.xcodeproj */;
				},
			);
			projectRoot = "";
			targets = (
				4BD95D4A2008B1AF009CE38D /* DIKitExample */,
			);
		};
/* End PBXProject section */

/* Begin PBXReferenceProxy section */
		4B5F9FA4212C26B6004AA9F4 /* DIKitExampleBackend.framework */ = {
			isa = PBXReferenceProxy;
			fileType = wrapper.framework;
			path = DIKitExampleBackend.framework;
			remoteRef = 4B5F9FA3212C26B6004AA9F4 /* PBXContainerItemProxy */;
			sourceTree = BUILT_PRODUCTS_DIR;
		};
		4BD95DE72008B3C1009CE38D /* DIKit.framework */ = {
			isa = PBXReferenceProxy;
			fileType = wrapper.framework;
			path = DIKit.framework;
			remoteRef = 4BD95DE62008B3C1009CE38D /* PBXContainerItemProxy */;
			sourceTree = BUILT_PRODUCTS_DIR;
		};
		4BD95DE92008B3C1009CE38D /* DIKitTests.xctest */ = {
			isa = PBXReferenceProxy;
			fileType = wrapper.cfbundle;
			path = DIKitTests.xctest;
			remoteRef = 4BD95DE82008B3C1009CE38D /* PBXContainerItemProxy */;
			sourceTree = BUILT_PRODUCTS_DIR;
		};
/* End PBXReferenceProxy section */

/* Begin PBXResourcesBuildPhase section */
		4BD95D492008B1AF009CE38D /* Resources */ = {
			isa = PBXResourcesBuildPhase;
			buildActionMask = 2147483647;
			files = (
				4BD95DD32008B379009CE38D /* Main.storyboard in Resources */,
				4BD95DD12008B379009CE38D /* Assets.xcassets in Resources */,
				4BD95DD22008B379009CE38D /* LaunchScreen.storyboard in Resources */,
			);
			runOnlyForDeploymentPostprocessing = 0;
		};
/* End PBXResourcesBuildPhase section */

/* Begin PBXSourcesBuildPhase section */
		4BD95D472008B1AF009CE38D /* Sources */ = {
			isa = PBXSourcesBuildPhase;
			buildActionMask = 2147483647;
			files = (
				4BD95DD52008B379009CE38D /* SecondViewController.swift in Sources */,
				4B858B2F210B83B500C3F07A /* LocalStorageProtocol.swift in Sources */,
				4BD95DD42008B379009CE38D /* AppDelegate.swift in Sources */,
				4BD95DD02008B379009CE38D /* FirstViewController.swift in Sources */,
				4B858B2D210B839B00C3F07A /* LocalStorage.swift in Sources */,
				4BB4CE60212325CC007D8075 /* DependencyContainer+App.swift in Sources */,
				4B6F9F4F212BFC2400B6CEDE /* ModalViewController.swift in Sources */,
			);
			runOnlyForDeploymentPostprocessing = 0;
		};
/* End PBXSourcesBuildPhase section */

/* Begin PBXTargetDependency section */
		44044D16212D7CDC002F595D /* PBXTargetDependency */ = {
			isa = PBXTargetDependency;
			name = DIKit;
			targetProxy = 44044D15212D7CDC002F595D /* PBXContainerItemProxy */;
		};
/* End PBXTargetDependency section */

/* Begin PBXVariantGroup section */
		4BD95DC92008B379009CE38D /* LaunchScreen.storyboard */ = {
			isa = PBXVariantGroup;
			children = (
				4BD95DCA2008B379009CE38D /* Base */,
			);
			name = LaunchScreen.storyboard;
			sourceTree = "<group>";
		};
		4BD95DCB2008B379009CE38D /* Main.storyboard */ = {
			isa = PBXVariantGroup;
			children = (
				4BD95DCC2008B379009CE38D /* Base */,
			);
			name = Main.storyboard;
			sourceTree = "<group>";
		};
/* End PBXVariantGroup section */

/* Begin XCBuildConfiguration section */
		4BD95D732008B1AF009CE38D /* Debug */ = {
			isa = XCBuildConfiguration;
			buildSettings = {
				ALWAYS_SEARCH_USER_PATHS = NO;
				CLANG_ANALYZER_NONNULL = YES;
				CLANG_ANALYZER_NUMBER_OBJECT_CONVERSION = YES_AGGRESSIVE;
				CLANG_CXX_LANGUAGE_STANDARD = "gnu++14";
				CLANG_CXX_LIBRARY = "libc++";
				CLANG_ENABLE_MODULES = YES;
				CLANG_ENABLE_OBJC_ARC = YES;
				CLANG_WARN_BLOCK_CAPTURE_AUTORELEASING = YES;
				CLANG_WARN_BOOL_CONVERSION = YES;
				CLANG_WARN_COMMA = YES;
				CLANG_WARN_CONSTANT_CONVERSION = YES;
				CLANG_WARN_DEPRECATED_OBJC_IMPLEMENTATIONS = YES;
				CLANG_WARN_DIRECT_OBJC_ISA_USAGE = YES_ERROR;
				CLANG_WARN_DOCUMENTATION_COMMENTS = YES;
				CLANG_WARN_EMPTY_BODY = YES;
				CLANG_WARN_ENUM_CONVERSION = YES;
				CLANG_WARN_INFINITE_RECURSION = YES;
				CLANG_WARN_INT_CONVERSION = YES;
				CLANG_WARN_NON_LITERAL_NULL_CONVERSION = YES;
				CLANG_WARN_OBJC_IMPLICIT_RETAIN_SELF = YES;
				CLANG_WARN_OBJC_LITERAL_CONVERSION = YES;
				CLANG_WARN_OBJC_ROOT_CLASS = YES_ERROR;
				CLANG_WARN_RANGE_LOOP_ANALYSIS = YES;
				CLANG_WARN_STRICT_PROTOTYPES = YES;
				CLANG_WARN_SUSPICIOUS_MOVE = YES;
				CLANG_WARN_UNGUARDED_AVAILABILITY = YES_AGGRESSIVE;
				CLANG_WARN_UNREACHABLE_CODE = YES;
				CLANG_WARN__DUPLICATE_METHOD_MATCH = YES;
				CODE_SIGN_IDENTITY = "iPhone Developer";
				COPY_PHASE_STRIP = NO;
				DEBUG_INFORMATION_FORMAT = dwarf;
				ENABLE_STRICT_OBJC_MSGSEND = YES;
				ENABLE_TESTABILITY = YES;
				GCC_C_LANGUAGE_STANDARD = gnu11;
				GCC_DYNAMIC_NO_PIC = NO;
				GCC_NO_COMMON_BLOCKS = YES;
				GCC_OPTIMIZATION_LEVEL = 0;
				GCC_PREPROCESSOR_DEFINITIONS = (
					"DEBUG=1",
					"$(inherited)",
				);
				GCC_WARN_64_TO_32_BIT_CONVERSION = YES;
				GCC_WARN_ABOUT_RETURN_TYPE = YES_ERROR;
				GCC_WARN_UNDECLARED_SELECTOR = YES;
				GCC_WARN_UNINITIALIZED_AUTOS = YES_AGGRESSIVE;
				GCC_WARN_UNUSED_FUNCTION = YES;
				GCC_WARN_UNUSED_VARIABLE = YES;
				IPHONEOS_DEPLOYMENT_TARGET = 9.0;
				MTL_ENABLE_DEBUG_INFO = YES;
				ONLY_ACTIVE_ARCH = YES;
				SDKROOT = iphoneos;
				SWIFT_ACTIVE_COMPILATION_CONDITIONS = DEBUG;
				SWIFT_OPTIMIZATION_LEVEL = "-Onone";
			};
			name = Debug;
		};
		4BD95D742008B1AF009CE38D /* Release */ = {
			isa = XCBuildConfiguration;
			buildSettings = {
				ALWAYS_SEARCH_USER_PATHS = NO;
				CLANG_ANALYZER_NONNULL = YES;
				CLANG_ANALYZER_NUMBER_OBJECT_CONVERSION = YES_AGGRESSIVE;
				CLANG_CXX_LANGUAGE_STANDARD = "gnu++14";
				CLANG_CXX_LIBRARY = "libc++";
				CLANG_ENABLE_MODULES = YES;
				CLANG_ENABLE_OBJC_ARC = YES;
				CLANG_WARN_BLOCK_CAPTURE_AUTORELEASING = YES;
				CLANG_WARN_BOOL_CONVERSION = YES;
				CLANG_WARN_COMMA = YES;
				CLANG_WARN_CONSTANT_CONVERSION = YES;
				CLANG_WARN_DEPRECATED_OBJC_IMPLEMENTATIONS = YES;
				CLANG_WARN_DIRECT_OBJC_ISA_USAGE = YES_ERROR;
				CLANG_WARN_DOCUMENTATION_COMMENTS = YES;
				CLANG_WARN_EMPTY_BODY = YES;
				CLANG_WARN_ENUM_CONVERSION = YES;
				CLANG_WARN_INFINITE_RECURSION = YES;
				CLANG_WARN_INT_CONVERSION = YES;
				CLANG_WARN_NON_LITERAL_NULL_CONVERSION = YES;
				CLANG_WARN_OBJC_IMPLICIT_RETAIN_SELF = YES;
				CLANG_WARN_OBJC_LITERAL_CONVERSION = YES;
				CLANG_WARN_OBJC_ROOT_CLASS = YES_ERROR;
				CLANG_WARN_RANGE_LOOP_ANALYSIS = YES;
				CLANG_WARN_STRICT_PROTOTYPES = YES;
				CLANG_WARN_SUSPICIOUS_MOVE = YES;
				CLANG_WARN_UNGUARDED_AVAILABILITY = YES_AGGRESSIVE;
				CLANG_WARN_UNREACHABLE_CODE = YES;
				CLANG_WARN__DUPLICATE_METHOD_MATCH = YES;
				CODE_SIGN_IDENTITY = "iPhone Developer";
				COPY_PHASE_STRIP = NO;
				DEBUG_INFORMATION_FORMAT = "dwarf-with-dsym";
				ENABLE_NS_ASSERTIONS = NO;
				ENABLE_STRICT_OBJC_MSGSEND = YES;
				GCC_C_LANGUAGE_STANDARD = gnu11;
				GCC_NO_COMMON_BLOCKS = YES;
				GCC_WARN_64_TO_32_BIT_CONVERSION = YES;
				GCC_WARN_ABOUT_RETURN_TYPE = YES_ERROR;
				GCC_WARN_UNDECLARED_SELECTOR = YES;
				GCC_WARN_UNINITIALIZED_AUTOS = YES_AGGRESSIVE;
				GCC_WARN_UNUSED_FUNCTION = YES;
				GCC_WARN_UNUSED_VARIABLE = YES;
				IPHONEOS_DEPLOYMENT_TARGET = 9.0;
				MTL_ENABLE_DEBUG_INFO = NO;
				SDKROOT = iphoneos;
				SWIFT_OPTIMIZATION_LEVEL = "-Owholemodule";
				VALIDATE_PRODUCT = YES;
			};
			name = Release;
		};
		4BD95D762008B1AF009CE38D /* Debug */ = {
			isa = XCBuildConfiguration;
			buildSettings = {
				ALWAYS_EMBED_SWIFT_STANDARD_LIBRARIES = YES;
				ASSETCATALOG_COMPILER_APPICON_NAME = AppIcon;
				CODE_SIGN_ENTITLEMENTS = Sources/Resources/DIKitExample.entitlements;
				CODE_SIGN_IDENTITY = "iPhone Developer";
				CODE_SIGN_STYLE = Automatic;
				DERIVE_UIKITFORMAC_PRODUCT_BUNDLE_IDENTIFIER = YES;
				DEVELOPMENT_TEAM = KEF5XYPC3G;
				INFOPLIST_FILE = "$(SRCROOT)/Sources/Resources/Info.plist";
				IPHONEOS_DEPLOYMENT_TARGET = 9.0;
				LD_RUNPATH_SEARCH_PATHS = "$(inherited) @executable_path/Frameworks";
				MARKETING_VERSION = 1.1.0;
				PRODUCT_BUNDLE_IDENTIFIER = io.github.benjohnde.DIKitExample;
				PRODUCT_NAME = "$(TARGET_NAME)";
				PROVISIONING_PROFILE = "";
				PROVISIONING_PROFILE_SPECIFIER = "";
				SUPPORTS_UIKITFORMAC = YES;
				SWIFT_VERSION = 5.0;
				TARGETED_DEVICE_FAMILY = "1,2";
			};
			name = Debug;
		};
		4BD95D772008B1AF009CE38D /* Release */ = {
			isa = XCBuildConfiguration;
			buildSettings = {
				ALWAYS_EMBED_SWIFT_STANDARD_LIBRARIES = YES;
				ASSETCATALOG_COMPILER_APPICON_NAME = AppIcon;
				CODE_SIGN_ENTITLEMENTS = Sources/Resources/DIKitExample.entitlements;
				CODE_SIGN_IDENTITY = "iPhone Developer";
				CODE_SIGN_STYLE = Automatic;
				DERIVE_UIKITFORMAC_PRODUCT_BUNDLE_IDENTIFIER = YES;
				DEVELOPMENT_TEAM = KEF5XYPC3G;
				INFOPLIST_FILE = "$(SRCROOT)/Sources/Resources/Info.plist";
				IPHONEOS_DEPLOYMENT_TARGET = 9.0;
				LD_RUNPATH_SEARCH_PATHS = "$(inherited) @executable_path/Frameworks";
				MARKETING_VERSION = 1.1.0;
				PRODUCT_BUNDLE_IDENTIFIER = io.github.benjohnde.DIKitExample;
				PRODUCT_NAME = "$(TARGET_NAME)";
				PROVISIONING_PROFILE_SPECIFIER = "";
				SUPPORTS_UIKITFORMAC = YES;
				SWIFT_VERSION = 5.0;
				TARGETED_DEVICE_FAMILY = "1,2";
			};
			name = Release;
		};
/* End XCBuildConfiguration section */

/* Begin XCConfigurationList section */
		4BD95D462008B1AF009CE38D /* Build configuration list for PBXProject "DIKitExample" */ = {
			isa = XCConfigurationList;
			buildConfigurations = (
				4BD95D732008B1AF009CE38D /* Debug */,
				4BD95D742008B1AF009CE38D /* Release */,
			);
			defaultConfigurationIsVisible = 0;
			defaultConfigurationName = Release;
		};
		4BD95D752008B1AF009CE38D /* Build configuration list for PBXNativeTarget "DIKitExample" */ = {
			isa = XCConfigurationList;
			buildConfigurations = (
				4BD95D762008B1AF009CE38D /* Debug */,
				4BD95D772008B1AF009CE38D /* Release */,
			);
			defaultConfigurationIsVisible = 0;
			defaultConfigurationName = Release;
		};
/* End XCConfigurationList section */
	};
	rootObject = 4BD95D432008B1AF009CE38D /* Project object */;
}
